// !$*UTF8*$!
{
	archiveVersion = 1;
	classes = {
	};
	objectVersion = 50;
	objects = {

/* Begin PBXBuildFile section */
		BD8A23B321F30CF6005AB3DF /* AppService.swift in Sources */ = {isa = PBXBuildFile; fileRef = BD8A22AB21F30CF6005AB3DF /* AppService.swift */; };
		BD8A23B421F30CF6005AB3DF /* AppOauthService.swift in Sources */ = {isa = PBXBuildFile; fileRef = BD8A22AC21F30CF6005AB3DF /* AppOauthService.swift */; };
		BD8A23B521F30CF6005AB3DF /* AppGateway.swift in Sources */ = {isa = PBXBuildFile; fileRef = BD8A22AE21F30CF6005AB3DF /* AppGateway.swift */; };
		BD8A23B621F30CF6005AB3DF /* AppGatewayImpl.swift in Sources */ = {isa = PBXBuildFile; fileRef = BD8A22B021F30CF6005AB3DF /* AppGatewayImpl.swift */; };
		BD8A23B721F30CF6005AB3DF /* AppOauthGatewayImpl.swift in Sources */ = {isa = PBXBuildFile; fileRef = BD8A22B121F30CF6005AB3DF /* AppOauthGatewayImpl.swift */; };
		BD8A23B821F30CF6005AB3DF /* AppOauthGateway.swift in Sources */ = {isa = PBXBuildFile; fileRef = BD8A22B221F30CF6005AB3DF /* AppOauthGateway.swift */; };
		BD8A23B921F30CF6005AB3DF /* NetworkAPI.swift in Sources */ = {isa = PBXBuildFile; fileRef = BD8A22B421F30CF6005AB3DF /* NetworkAPI.swift */; };
		BD8A23D321F30E6E005AB3DF /* ErrorEntity.swift in Sources */ = {isa = PBXBuildFile; fileRef = BD8A23D221F30E6E005AB3DF /* ErrorEntity.swift */; };
		BD8A23E421F30FFB005AB3DF /* CatalogModel.swift in Sources */ = {isa = PBXBuildFile; fileRef = BD8A23D721F30FFB005AB3DF /* CatalogModel.swift */; };
		BD8A23E821F30FFB005AB3DF /* CatalogModelDataMapper.swift in Sources */ = {isa = PBXBuildFile; fileRef = BD8A23DC21F30FFB005AB3DF /* CatalogModelDataMapper.swift */; };
		BD8A23F921F317AC005AB3DF /* CatalogueViewController.swift in Sources */ = {isa = PBXBuildFile; fileRef = BD8A23F721F317AC005AB3DF /* CatalogueViewController.swift */; };
		BD8A23FA21F317AC005AB3DF /* CatalogueViewController.xib in Resources */ = {isa = PBXBuildFile; fileRef = BD8A23F821F317AC005AB3DF /* CatalogueViewController.xib */; };
		BD8A23FC21F317B8005AB3DF /* CatalogueViewModel.swift in Sources */ = {isa = PBXBuildFile; fileRef = BD8A23FB21F317B8005AB3DF /* CatalogueViewModel.swift */; };
		BD8A240021F31925005AB3DF /* SplashViewController.swift in Sources */ = {isa = PBXBuildFile; fileRef = BD8A23FE21F31925005AB3DF /* SplashViewController.swift */; };
		BD8A240121F31925005AB3DF /* SplashViewController.xib in Resources */ = {isa = PBXBuildFile; fileRef = BD8A23FF21F31925005AB3DF /* SplashViewController.xib */; };
		BD8A240321F31932005AB3DF /* SplasViewModel.swift in Sources */ = {isa = PBXBuildFile; fileRef = BD8A240221F31932005AB3DF /* SplasViewModel.swift */; };
		BD8A240621F31A2C005AB3DF /* Theme.swift in Sources */ = {isa = PBXBuildFile; fileRef = BD8A240521F31A2C005AB3DF /* Theme.swift */; };
		BD8A240921F32803005AB3DF /* CatalogBaseNavigationController.swift in Sources */ = {isa = PBXBuildFile; fileRef = BD8A240821F32803005AB3DF /* CatalogBaseNavigationController.swift */; };
		BD8A240B21F32834005AB3DF /* Constants.swift in Sources */ = {isa = PBXBuildFile; fileRef = BD8A240A21F32834005AB3DF /* Constants.swift */; };
		BD8A240D21F329D7005AB3DF /* CatalogueBaseViewController.swift in Sources */ = {isa = PBXBuildFile; fileRef = BD8A240C21F329D7005AB3DF /* CatalogueBaseViewController.swift */; };
		BD8A240F21F32AED005AB3DF /* CouponEntity.swift in Sources */ = {isa = PBXBuildFile; fileRef = BD8A240E21F32AED005AB3DF /* CouponEntity.swift */; };
		BD8A241321F32B9A005AB3DF /* NearestStoreEntity.swift in Sources */ = {isa = PBXBuildFile; fileRef = BD8A241221F32B9A005AB3DF /* NearestStoreEntity.swift */; };
		BD8A241521F32C8E005AB3DF /* CatalogEntity.swift in Sources */ = {isa = PBXBuildFile; fileRef = BD8A241421F32C8E005AB3DF /* CatalogEntity.swift */; };
		BD8A241721F33070005AB3DF /* NearestStore.swift in Sources */ = {isa = PBXBuildFile; fileRef = BD8A241621F33070005AB3DF /* NearestStore.swift */; };
		BD8A241921F33105005AB3DF /* NearestStoreEntityDataMapper.swift in Sources */ = {isa = PBXBuildFile; fileRef = BD8A241821F33105005AB3DF /* NearestStoreEntityDataMapper.swift */; };
		BD8A241B21F3317F005AB3DF /* CouponEntityDataMapper.swift in Sources */ = {isa = PBXBuildFile; fileRef = BD8A241A21F3317F005AB3DF /* CouponEntityDataMapper.swift */; };
		BD8A241D21F331B4005AB3DF /* Coupon.swift in Sources */ = {isa = PBXBuildFile; fileRef = BD8A241C21F331B4005AB3DF /* Coupon.swift */; };
		BD8A241F21F33273005AB3DF /* Catalog.swift in Sources */ = {isa = PBXBuildFile; fileRef = BD8A241E21F33273005AB3DF /* Catalog.swift */; };
		BD8A242121F3332A005AB3DF /* CatalogEntityDataMapper.swift in Sources */ = {isa = PBXBuildFile; fileRef = BD8A242021F3332A005AB3DF /* CatalogEntityDataMapper.swift */; };
		BD8A242321F33487005AB3DF /* CatalogRepository.swift in Sources */ = {isa = PBXBuildFile; fileRef = BD8A242221F33487005AB3DF /* CatalogRepository.swift */; };
		BD8A242521F334A9005AB3DF /* CatalogRepositoryImpl.swift in Sources */ = {isa = PBXBuildFile; fileRef = BD8A242421F334A9005AB3DF /* CatalogRepositoryImpl.swift */; };
		BD8A242721F335F1005AB3DF /* GetCatalogsUseCase.swift in Sources */ = {isa = PBXBuildFile; fileRef = BD8A242621F335F1005AB3DF /* GetCatalogsUseCase.swift */; };
		BD8A242921F33622005AB3DF /* GetCatalogsUseCaseImpl.swift in Sources */ = {isa = PBXBuildFile; fileRef = BD8A242821F33622005AB3DF /* GetCatalogsUseCaseImpl.swift */; };
		BD8A242C21F33A58005AB3DF /* String+Utils.swift in Sources */ = {isa = PBXBuildFile; fileRef = BD8A242B21F33A58005AB3DF /* String+Utils.swift */; };
		BD8A242E21F33B81005AB3DF /* BaseWireframe+NavigationHelper.swift in Sources */ = {isa = PBXBuildFile; fileRef = BD8A242D21F33B81005AB3DF /* BaseWireframe+NavigationHelper.swift */; };
		BDB4282821F35C4A008C869F /* Localizable.strings in Resources */ = {isa = PBXBuildFile; fileRef = BDB4282521F35C4A008C869F /* Localizable.strings */; };
		BDB4282E21F35F1D008C869F /* CatalogView.swift in Sources */ = {isa = PBXBuildFile; fileRef = BDB4282D21F35F1D008C869F /* CatalogView.swift */; };
		BDB4283021F35F2D008C869F /* CatalogView.xib in Resources */ = {isa = PBXBuildFile; fileRef = BDB4282F21F35F2D008C869F /* CatalogView.xib */; };
		BDB4283221F35F3B008C869F /* CatalogViewModel.swift in Sources */ = {isa = PBXBuildFile; fileRef = BDB4283121F35F3B008C869F /* CatalogViewModel.swift */; };
		BDB4283821F37243008C869F /* CatalogViewCell.swift in Sources */ = {isa = PBXBuildFile; fileRef = BDB4283621F37243008C869F /* CatalogViewCell.swift */; };
		BDB4283B21F3724D008C869F /* CatalogViewCellModel.swift in Sources */ = {isa = PBXBuildFile; fileRef = BDB4283A21F3724D008C869F /* CatalogViewCellModel.swift */; };
		BDB4283D21F372EA008C869F /* CatalogViewCell.xib in Resources */ = {isa = PBXBuildFile; fileRef = BDB4283C21F372EA008C869F /* CatalogViewCell.xib */; };
		BDEA9ABC21EE4A7600537D41 /* AppDelegate.swift in Sources */ = {isa = PBXBuildFile; fileRef = BDEA9ABB21EE4A7600537D41 /* AppDelegate.swift */; };
		BDEA9AC321EE4A7700537D41 /* Assets.xcassets in Resources */ = {isa = PBXBuildFile; fileRef = BDEA9AC221EE4A7700537D41 /* Assets.xcassets */; };
		BDEA9AC621EE4A7700537D41 /* LaunchScreen.storyboard in Resources */ = {isa = PBXBuildFile; fileRef = BDEA9AC421EE4A7700537D41 /* LaunchScreen.storyboard */; };
		CE31BB564037B42D3AB98CDD /* Pods_CatalogTest.framework in Frameworks */ = {isa = PBXBuildFile; fileRef = 8924609DC018A50E321A83AA /* Pods_CatalogTest.framework */; };
/* End PBXBuildFile section */

/* Begin PBXFileReference section */
		3418B468046BB8EF770ED1CB /* Pods-CatalogTest.release.xcconfig */ = {isa = PBXFileReference; includeInIndex = 1; lastKnownFileType = text.xcconfig; name = "Pods-CatalogTest.release.xcconfig"; path = "Target Support Files/Pods-CatalogTest/Pods-CatalogTest.release.xcconfig"; sourceTree = "<group>"; };
		8924609DC018A50E321A83AA /* Pods_CatalogTest.framework */ = {isa = PBXFileReference; explicitFileType = wrapper.framework; includeInIndex = 0; path = Pods_CatalogTest.framework; sourceTree = BUILT_PRODUCTS_DIR; };
		98D78EFD043E8E52F4666F69 /* Pods-CatalogTest.debug.xcconfig */ = {isa = PBXFileReference; includeInIndex = 1; lastKnownFileType = text.xcconfig; name = "Pods-CatalogTest.debug.xcconfig"; path = "Target Support Files/Pods-CatalogTest/Pods-CatalogTest.debug.xcconfig"; sourceTree = "<group>"; };
		BD8A22AB21F30CF6005AB3DF /* AppService.swift */ = {isa = PBXFileReference; fileEncoding = 4; lastKnownFileType = sourcecode.swift; path = AppService.swift; sourceTree = "<group>"; };
		BD8A22AC21F30CF6005AB3DF /* AppOauthService.swift */ = {isa = PBXFileReference; fileEncoding = 4; lastKnownFileType = sourcecode.swift; path = AppOauthService.swift; sourceTree = "<group>"; };
		BD8A22AE21F30CF6005AB3DF /* AppGateway.swift */ = {isa = PBXFileReference; fileEncoding = 4; lastKnownFileType = sourcecode.swift; path = AppGateway.swift; sourceTree = "<group>"; };
		BD8A22B021F30CF6005AB3DF /* AppGatewayImpl.swift */ = {isa = PBXFileReference; fileEncoding = 4; lastKnownFileType = sourcecode.swift; path = AppGatewayImpl.swift; sourceTree = "<group>"; };
		BD8A22B121F30CF6005AB3DF /* AppOauthGatewayImpl.swift */ = {isa = PBXFileReference; fileEncoding = 4; lastKnownFileType = sourcecode.swift; path = AppOauthGatewayImpl.swift; sourceTree = "<group>"; };
		BD8A22B221F30CF6005AB3DF /* AppOauthGateway.swift */ = {isa = PBXFileReference; fileEncoding = 4; lastKnownFileType = sourcecode.swift; path = AppOauthGateway.swift; sourceTree = "<group>"; };
		BD8A22B421F30CF6005AB3DF /* NetworkAPI.swift */ = {isa = PBXFileReference; fileEncoding = 4; lastKnownFileType = sourcecode.swift; path = NetworkAPI.swift; sourceTree = "<group>"; };
		BD8A23D221F30E6E005AB3DF /* ErrorEntity.swift */ = {isa = PBXFileReference; fileEncoding = 4; lastKnownFileType = sourcecode.swift; path = ErrorEntity.swift; sourceTree = "<group>"; };
		BD8A23D721F30FFB005AB3DF /* CatalogModel.swift */ = {isa = PBXFileReference; fileEncoding = 4; lastKnownFileType = sourcecode.swift; path = CatalogModel.swift; sourceTree = "<group>"; };
		BD8A23DC21F30FFB005AB3DF /* CatalogModelDataMapper.swift */ = {isa = PBXFileReference; fileEncoding = 4; lastKnownFileType = sourcecode.swift; path = CatalogModelDataMapper.swift; sourceTree = "<group>"; };
		BD8A23F721F317AC005AB3DF /* CatalogueViewController.swift */ = {isa = PBXFileReference; lastKnownFileType = sourcecode.swift; path = CatalogueViewController.swift; sourceTree = "<group>"; };
		BD8A23F821F317AC005AB3DF /* CatalogueViewController.xib */ = {isa = PBXFileReference; lastKnownFileType = file.xib; path = CatalogueViewController.xib; sourceTree = "<group>"; };
		BD8A23FB21F317B8005AB3DF /* CatalogueViewModel.swift */ = {isa = PBXFileReference; lastKnownFileType = sourcecode.swift; path = CatalogueViewModel.swift; sourceTree = "<group>"; };
		BD8A23FE21F31925005AB3DF /* SplashViewController.swift */ = {isa = PBXFileReference; lastKnownFileType = sourcecode.swift; path = SplashViewController.swift; sourceTree = "<group>"; };
		BD8A23FF21F31925005AB3DF /* SplashViewController.xib */ = {isa = PBXFileReference; lastKnownFileType = file.xib; path = SplashViewController.xib; sourceTree = "<group>"; };
		BD8A240221F31932005AB3DF /* SplasViewModel.swift */ = {isa = PBXFileReference; lastKnownFileType = sourcecode.swift; path = SplasViewModel.swift; sourceTree = "<group>"; };
		BD8A240521F31A2C005AB3DF /* Theme.swift */ = {isa = PBXFileReference; lastKnownFileType = sourcecode.swift; path = Theme.swift; sourceTree = "<group>"; };
		BD8A240821F32803005AB3DF /* CatalogBaseNavigationController.swift */ = {isa = PBXFileReference; lastKnownFileType = sourcecode.swift; path = CatalogBaseNavigationController.swift; sourceTree = "<group>"; };
		BD8A240A21F32834005AB3DF /* Constants.swift */ = {isa = PBXFileReference; lastKnownFileType = sourcecode.swift; path = Constants.swift; sourceTree = "<group>"; };
		BD8A240C21F329D7005AB3DF /* CatalogueBaseViewController.swift */ = {isa = PBXFileReference; lastKnownFileType = sourcecode.swift; path = CatalogueBaseViewController.swift; sourceTree = "<group>"; };
		BD8A240E21F32AED005AB3DF /* CouponEntity.swift */ = {isa = PBXFileReference; lastKnownFileType = sourcecode.swift; path = CouponEntity.swift; sourceTree = "<group>"; };
		BD8A241221F32B9A005AB3DF /* NearestStoreEntity.swift */ = {isa = PBXFileReference; fileEncoding = 4; lastKnownFileType = sourcecode.swift; path = NearestStoreEntity.swift; sourceTree = "<group>"; };
		BD8A241421F32C8E005AB3DF /* CatalogEntity.swift */ = {isa = PBXFileReference; lastKnownFileType = sourcecode.swift; path = CatalogEntity.swift; sourceTree = "<group>"; };
		BD8A241621F33070005AB3DF /* NearestStore.swift */ = {isa = PBXFileReference; lastKnownFileType = sourcecode.swift; path = NearestStore.swift; sourceTree = "<group>"; };
		BD8A241821F33105005AB3DF /* NearestStoreEntityDataMapper.swift */ = {isa = PBXFileReference; lastKnownFileType = sourcecode.swift; path = NearestStoreEntityDataMapper.swift; sourceTree = "<group>"; };
		BD8A241A21F3317F005AB3DF /* CouponEntityDataMapper.swift */ = {isa = PBXFileReference; lastKnownFileType = sourcecode.swift; path = CouponEntityDataMapper.swift; sourceTree = "<group>"; };
		BD8A241C21F331B4005AB3DF /* Coupon.swift */ = {isa = PBXFileReference; lastKnownFileType = sourcecode.swift; path = Coupon.swift; sourceTree = "<group>"; };
		BD8A241E21F33273005AB3DF /* Catalog.swift */ = {isa = PBXFileReference; lastKnownFileType = sourcecode.swift; path = Catalog.swift; sourceTree = "<group>"; };
		BD8A242021F3332A005AB3DF /* CatalogEntityDataMapper.swift */ = {isa = PBXFileReference; lastKnownFileType = sourcecode.swift; path = CatalogEntityDataMapper.swift; sourceTree = "<group>"; };
		BD8A242221F33487005AB3DF /* CatalogRepository.swift */ = {isa = PBXFileReference; lastKnownFileType = sourcecode.swift; path = CatalogRepository.swift; sourceTree = "<group>"; };
		BD8A242421F334A9005AB3DF /* CatalogRepositoryImpl.swift */ = {isa = PBXFileReference; lastKnownFileType = sourcecode.swift; path = CatalogRepositoryImpl.swift; sourceTree = "<group>"; };
		BD8A242621F335F1005AB3DF /* GetCatalogsUseCase.swift */ = {isa = PBXFileReference; lastKnownFileType = sourcecode.swift; path = GetCatalogsUseCase.swift; sourceTree = "<group>"; };
		BD8A242821F33622005AB3DF /* GetCatalogsUseCaseImpl.swift */ = {isa = PBXFileReference; lastKnownFileType = sourcecode.swift; path = GetCatalogsUseCaseImpl.swift; sourceTree = "<group>"; };
		BD8A242B21F33A58005AB3DF /* String+Utils.swift */ = {isa = PBXFileReference; lastKnownFileType = sourcecode.swift; path = "String+Utils.swift"; sourceTree = "<group>"; };
		BD8A242D21F33B81005AB3DF /* BaseWireframe+NavigationHelper.swift */ = {isa = PBXFileReference; lastKnownFileType = sourcecode.swift; path = "BaseWireframe+NavigationHelper.swift"; sourceTree = "<group>"; };
		BDB4282621F35C4A008C869F /* en */ = {isa = PBXFileReference; lastKnownFileType = text.plist.strings; name = en; path = en.lproj/Localizable.strings; sourceTree = "<group>"; };
		BDB4282A21F35E0E008C869F /* es */ = {isa = PBXFileReference; lastKnownFileType = text.plist.strings; name = es; path = es.lproj/Localizable.strings; sourceTree = "<group>"; };
		BDB4282D21F35F1D008C869F /* CatalogView.swift */ = {isa = PBXFileReference; lastKnownFileType = sourcecode.swift; path = CatalogView.swift; sourceTree = "<group>"; };
		BDB4282F21F35F2D008C869F /* CatalogView.xib */ = {isa = PBXFileReference; lastKnownFileType = file.xib; path = CatalogView.xib; sourceTree = "<group>"; };
		BDB4283121F35F3B008C869F /* CatalogViewModel.swift */ = {isa = PBXFileReference; lastKnownFileType = sourcecode.swift; path = CatalogViewModel.swift; sourceTree = "<group>"; };
		BDB4283621F37243008C869F /* CatalogViewCell.swift */ = {isa = PBXFileReference; lastKnownFileType = sourcecode.swift; path = CatalogViewCell.swift; sourceTree = "<group>"; };
		BDB4283A21F3724D008C869F /* CatalogViewCellModel.swift */ = {isa = PBXFileReference; lastKnownFileType = sourcecode.swift; path = CatalogViewCellModel.swift; sourceTree = "<group>"; };
		BDB4283C21F372EA008C869F /* CatalogViewCell.xib */ = {isa = PBXFileReference; lastKnownFileType = file.xib; path = CatalogViewCell.xib; sourceTree = "<group>"; };
		BDEA9AB821EE4A7600537D41 /* CatalogTest.app */ = {isa = PBXFileReference; explicitFileType = wrapper.application; includeInIndex = 0; path = CatalogTest.app; sourceTree = BUILT_PRODUCTS_DIR; };
		BDEA9ABB21EE4A7600537D41 /* AppDelegate.swift */ = {isa = PBXFileReference; lastKnownFileType = sourcecode.swift; path = AppDelegate.swift; sourceTree = "<group>"; };
		BDEA9AC221EE4A7700537D41 /* Assets.xcassets */ = {isa = PBXFileReference; lastKnownFileType = folder.assetcatalog; path = Assets.xcassets; sourceTree = "<group>"; };
		BDEA9AC721EE4A7700537D41 /* Info.plist */ = {isa = PBXFileReference; lastKnownFileType = text.plist.xml; path = Info.plist; sourceTree = "<group>"; };
		BDF098A221F3590000E79D7F /* Base */ = {isa = PBXFileReference; lastKnownFileType = file.storyboard; name = Base; path = Base.lproj/LaunchScreen.storyboard; sourceTree = "<group>"; };
/* End PBXFileReference section */

/* Begin PBXFrameworksBuildPhase section */
		BDEA9AB521EE4A7600537D41 /* Frameworks */ = {
			isa = PBXFrameworksBuildPhase;
			buildActionMask = 2147483647;
			files = (
				CE31BB564037B42D3AB98CDD /* Pods_CatalogTest.framework in Frameworks */,
			);
			runOnlyForDeploymentPostprocessing = 0;
		};
/* End PBXFrameworksBuildPhase section */

/* Begin PBXGroup section */
		BD8A21B521F30C5D005AB3DF /* App */ = {
			isa = PBXGroup;
			children = (
				BDEA9ABB21EE4A7600537D41 /* AppDelegate.swift */,
				BD8A23D521F30FB0005AB3DF /* EntityModel */,
				BD8A23D621F30FBE005AB3DF /* UI */,
			);
			path = App;
			sourceTree = "<group>";
		};
		BD8A21B621F30C68005AB3DF /* Commons */ = {
			isa = PBXGroup;
			children = (
				BD8A240A21F32834005AB3DF /* Constants.swift */,
				BDB4282B21F35E5A008C869F /* Component */,
				BD8A23D421F30F28005AB3DF /* Resources */,
			);
			path = Commons;
			sourceTree = "<group>";
		};
		BD8A21B821F30CF5005AB3DF /* Domain */ = {
			isa = PBXGroup;
			children = (
				BD8A21CD21F30CF5005AB3DF /* Entity */,
				BD8A21B921F30CF5005AB3DF /* Repository */,
				BD8A21E821F30CF5005AB3DF /* UseCase */,
			);
			path = Domain;
			sourceTree = "<group>";
		};
		BD8A21B921F30CF5005AB3DF /* Repository */ = {
			isa = PBXGroup;
			children = (
				BD8A242221F33487005AB3DF /* CatalogRepository.swift */,
			);
			path = Repository;
			sourceTree = "<group>";
		};
		BD8A21CD21F30CF5005AB3DF /* Entity */ = {
			isa = PBXGroup;
			children = (
				BD8A241E21F33273005AB3DF /* Catalog.swift */,
				BD8A241C21F331B4005AB3DF /* Coupon.swift */,
				BD8A241621F33070005AB3DF /* NearestStore.swift */,
			);
			path = Entity;
			sourceTree = "<group>";
		};
		BD8A21E821F30CF5005AB3DF /* UseCase */ = {
			isa = PBXGroup;
			children = (
				BD8A220921F30CF5005AB3DF /* Implemetation */,
				BD8A242621F335F1005AB3DF /* GetCatalogsUseCase.swift */,
			);
			path = UseCase;
			sourceTree = "<group>";
		};
		BD8A220921F30CF5005AB3DF /* Implemetation */ = {
			isa = PBXGroup;
			children = (
				BD8A242821F33622005AB3DF /* GetCatalogsUseCaseImpl.swift */,
			);
			path = Implemetation;
			sourceTree = "<group>";
		};
		BD8A226C21F30CF5005AB3DF /* Data */ = {
			isa = PBXGroup;
			children = (
				BD8A22B321F30CF6005AB3DF /* Api */,
				BD8A226D21F30CF5005AB3DF /* Entity */,
				BD8A22A821F30CF6005AB3DF /* Network */,
				BD8A22B621F30CF6005AB3DF /* RepositoryImplementation */,
			);
			path = Data;
			sourceTree = "<group>";
		};
		BD8A226D21F30CF5005AB3DF /* Entity */ = {
			isa = PBXGroup;
			children = (
				BD8A227921F30CF6005AB3DF /* Mapper */,
				BD8A241421F32C8E005AB3DF /* CatalogEntity.swift */,
				BD8A240E21F32AED005AB3DF /* CouponEntity.swift */,
				BD8A23D221F30E6E005AB3DF /* ErrorEntity.swift */,
				BD8A241221F32B9A005AB3DF /* NearestStoreEntity.swift */,
			);
			path = Entity;
			sourceTree = "<group>";
		};
		BD8A227921F30CF6005AB3DF /* Mapper */ = {
			isa = PBXGroup;
			children = (
				BD8A242021F3332A005AB3DF /* CatalogEntityDataMapper.swift */,
				BD8A241A21F3317F005AB3DF /* CouponEntityDataMapper.swift */,
				BD8A241821F33105005AB3DF /* NearestStoreEntityDataMapper.swift */,
			);
			path = Mapper;
			sourceTree = "<group>";
		};
		BD8A22A821F30CF6005AB3DF /* Network */ = {
			isa = PBXGroup;
			children = (
				BD8A22A921F30CF6005AB3DF /* Services */,
				BD8A22AD21F30CF6005AB3DF /* Gateway */,
			);
			path = Network;
			sourceTree = "<group>";
		};
		BD8A22A921F30CF6005AB3DF /* Services */ = {
			isa = PBXGroup;
			children = (
				BD8A22AC21F30CF6005AB3DF /* AppOauthService.swift */,
				BD8A22AB21F30CF6005AB3DF /* AppService.swift */,
			);
			path = Services;
			sourceTree = "<group>";
		};
		BD8A22AD21F30CF6005AB3DF /* Gateway */ = {
			isa = PBXGroup;
			children = (
				BD8A22AF21F30CF6005AB3DF /* Implementation */,
				BD8A22AE21F30CF6005AB3DF /* AppGateway.swift */,
				BD8A22B221F30CF6005AB3DF /* AppOauthGateway.swift */,
			);
			path = Gateway;
			sourceTree = "<group>";
		};
		BD8A22AF21F30CF6005AB3DF /* Implementation */ = {
			isa = PBXGroup;
			children = (
				BD8A22B021F30CF6005AB3DF /* AppGatewayImpl.swift */,
				BD8A22B121F30CF6005AB3DF /* AppOauthGatewayImpl.swift */,
			);
			path = Implementation;
			sourceTree = "<group>";
		};
		BD8A22B321F30CF6005AB3DF /* Api */ = {
			isa = PBXGroup;
			children = (
				BD8A22B421F30CF6005AB3DF /* NetworkAPI.swift */,
			);
			path = Api;
			sourceTree = "<group>";
		};
		BD8A22B621F30CF6005AB3DF /* RepositoryImplementation */ = {
			isa = PBXGroup;
			children = (
				BD8A242421F334A9005AB3DF /* CatalogRepositoryImpl.swift */,
			);
			path = RepositoryImplementation;
			sourceTree = "<group>";
		};
		BD8A23D421F30F28005AB3DF /* Resources */ = {
			isa = PBXGroup;
			children = (
				BDB4282421F35C4A008C869F /* Translations */,
				BDEA9AC221EE4A7700537D41 /* Assets.xcassets */,
				BDEA9AC721EE4A7700537D41 /* Info.plist */,
				BDEA9AC421EE4A7700537D41 /* LaunchScreen.storyboard */,
			);
			path = Resources;
			sourceTree = "<group>";
		};
		BD8A23D521F30FB0005AB3DF /* EntityModel */ = {
			isa = PBXGroup;
			children = (
				BD8A23D821F30FFB005AB3DF /* Mapper */,
				BD8A23D721F30FFB005AB3DF /* CatalogModel.swift */,
			);
			path = EntityModel;
			sourceTree = "<group>";
		};
		BD8A23D621F30FBE005AB3DF /* UI */ = {
			isa = PBXGroup;
			children = (
				BD8A23F621F31791005AB3DF /* Catalogue */,
				BD8A23FD21F3190F005AB3DF /* Splash */,
			);
			path = UI;
			sourceTree = "<group>";
		};
		BD8A23D821F30FFB005AB3DF /* Mapper */ = {
			isa = PBXGroup;
			children = (
				BD8A23DC21F30FFB005AB3DF /* CatalogModelDataMapper.swift */,
			);
			path = Mapper;
			sourceTree = "<group>";
		};
		BD8A23F621F31791005AB3DF /* Catalogue */ = {
			isa = PBXGroup;
			children = (
				BD8A23F721F317AC005AB3DF /* CatalogueViewController.swift */,
				BD8A23F821F317AC005AB3DF /* CatalogueViewController.xib */,
				BD8A23FB21F317B8005AB3DF /* CatalogueViewModel.swift */,
			);
			path = Catalogue;
			sourceTree = "<group>";
		};
		BD8A23FD21F3190F005AB3DF /* Splash */ = {
			isa = PBXGroup;
			children = (
				BD8A23FE21F31925005AB3DF /* SplashViewController.swift */,
				BD8A23FF21F31925005AB3DF /* SplashViewController.xib */,
				BD8A240221F31932005AB3DF /* SplasViewModel.swift */,
			);
			path = Splash;
			sourceTree = "<group>";
		};
		BD8A240421F31A20005AB3DF /* Core */ = {
			isa = PBXGroup;
			children = (
				BD8A240521F31A2C005AB3DF /* Theme.swift */,
				BD8A240721F327E6005AB3DF /* Base */,
				BD8A242A21F33A46005AB3DF /* Extensions */,
			);
			path = Core;
			sourceTree = "<group>";
		};
		BD8A240721F327E6005AB3DF /* Base */ = {
			isa = PBXGroup;
			children = (
				BD8A240821F32803005AB3DF /* CatalogBaseNavigationController.swift */,
				BD8A240C21F329D7005AB3DF /* CatalogueBaseViewController.swift */,
			);
			path = Base;
			sourceTree = "<group>";
		};
		BD8A242A21F33A46005AB3DF /* Extensions */ = {
			isa = PBXGroup;
			children = (
				BD8A242D21F33B81005AB3DF /* BaseWireframe+NavigationHelper.swift */,
				BD8A242B21F33A58005AB3DF /* String+Utils.swift */,
			);
			path = Extensions;
			sourceTree = "<group>";
		};
		BDB4282421F35C4A008C869F /* Translations */ = {
			isa = PBXGroup;
			children = (
				BDB4282521F35C4A008C869F /* Localizable.strings */,
			);
			path = Translations;
			sourceTree = "<group>";
		};
		BDB4282B21F35E5A008C869F /* Component */ = {
			isa = PBXGroup;
			children = (
				BDB4283321F371AF008C869F /* Cell */,
				BDB4282C21F35E65008C869F /* View */,
			);
			path = Component;
			sourceTree = "<group>";
		};
		BDB4282C21F35E65008C869F /* View */ = {
			isa = PBXGroup;
			children = (
				BDB4282D21F35F1D008C869F /* CatalogView.swift */,
				BDB4282F21F35F2D008C869F /* CatalogView.xib */,
				BDB4283121F35F3B008C869F /* CatalogViewModel.swift */,
			);
			path = View;
			sourceTree = "<group>";
		};
		BDB4283321F371AF008C869F /* Cell */ = {
			isa = PBXGroup;
			children = (
				BDB4283621F37243008C869F /* CatalogViewCell.swift */,
				BDB4283C21F372EA008C869F /* CatalogViewCell.xib */,
				BDB4283A21F3724D008C869F /* CatalogViewCellModel.swift */,
			);
			path = Cell;
			sourceTree = "<group>";
		};
		BDEA9AAF21EE4A7600537D41 = {
			isa = PBXGroup;
			children = (
				BDEA9ABA21EE4A7600537D41 /* CatalogTest */,
				BDEA9AB921EE4A7600537D41 /* Products */,
				D6308D1FE2477B5AA775E919 /* Pods */,
				E4394E2BE908A7CAD1DD2382 /* Frameworks */,
			);
			sourceTree = "<group>";
		};
		BDEA9AB921EE4A7600537D41 /* Products */ = {
			isa = PBXGroup;
			children = (
				BDEA9AB821EE4A7600537D41 /* CatalogTest.app */,
			);
			name = Products;
			sourceTree = "<group>";
		};
		BDEA9ABA21EE4A7600537D41 /* CatalogTest */ = {
			isa = PBXGroup;
			children = (
				BD8A21B521F30C5D005AB3DF /* App */,
				BD8A21B621F30C68005AB3DF /* Commons */,
				BD8A240421F31A20005AB3DF /* Core */,
				BD8A226C21F30CF5005AB3DF /* Data */,
				BD8A21B821F30CF5005AB3DF /* Domain */,
			);
			path = CatalogTest;
			sourceTree = "<group>";
		};
		D6308D1FE2477B5AA775E919 /* Pods */ = {
			isa = PBXGroup;
			children = (
				98D78EFD043E8E52F4666F69 /* Pods-CatalogTest.debug.xcconfig */,
				3418B468046BB8EF770ED1CB /* Pods-CatalogTest.release.xcconfig */,
			);
			path = Pods;
			sourceTree = "<group>";
		};
		E4394E2BE908A7CAD1DD2382 /* Frameworks */ = {
			isa = PBXGroup;
			children = (
				8924609DC018A50E321A83AA /* Pods_CatalogTest.framework */,
			);
			name = Frameworks;
			sourceTree = "<group>";
		};
/* End PBXGroup section */

/* Begin PBXNativeTarget section */
		BDEA9AB721EE4A7600537D41 /* CatalogTest */ = {
			isa = PBXNativeTarget;
			buildConfigurationList = BDEA9ACA21EE4A7700537D41 /* Build configuration list for PBXNativeTarget "CatalogTest" */;
			buildPhases = (
				C7AB18767E38CCFC9B70A12C /* [CP] Check Pods Manifest.lock */,
				BDEA9AB421EE4A7600537D41 /* Sources */,
				BDEA9AB521EE4A7600537D41 /* Frameworks */,
				BDEA9AB621EE4A7600537D41 /* Resources */,
				BDB4282921F35D0A008C869F /* [Script] Update Strings */,
				A288978CBF6ED2849EF886A9 /* [CP] Embed Pods Frameworks */,
			);
			buildRules = (
			);
			dependencies = (
			);
			name = CatalogTest;
			productName = CatalogTest;
			productReference = BDEA9AB821EE4A7600537D41 /* CatalogTest.app */;
			productType = "com.apple.product-type.application";
		};
/* End PBXNativeTarget section */

/* Begin PBXProject section */
		BDEA9AB021EE4A7600537D41 /* Project object */ = {
			isa = PBXProject;
			attributes = {
				LastSwiftUpdateCheck = 1010;
				LastUpgradeCheck = 1010;
				ORGANIZATIONNAME = "Gary Dos Santos";
				TargetAttributes = {
					BDEA9AB721EE4A7600537D41 = {
						CreatedOnToolsVersion = 10.1;
					};
				};
			};
			buildConfigurationList = BDEA9AB321EE4A7600537D41 /* Build configuration list for PBXProject "CatalogTest" */;
			compatibilityVersion = "Xcode 9.3";
			developmentRegion = en;
			hasScannedForEncodings = 0;
			knownRegions = (
				en,
				Base,
				es,
			);
			mainGroup = BDEA9AAF21EE4A7600537D41;
			productRefGroup = BDEA9AB921EE4A7600537D41 /* Products */;
			projectDirPath = "";
			projectRoot = "";
			targets = (
				BDEA9AB721EE4A7600537D41 /* CatalogTest */,
			);
		};
/* End PBXProject section */

/* Begin PBXResourcesBuildPhase section */
		BDEA9AB621EE4A7600537D41 /* Resources */ = {
			isa = PBXResourcesBuildPhase;
			buildActionMask = 2147483647;
			files = (
				BDB4283021F35F2D008C869F /* CatalogView.xib in Resources */,
				BDB4283D21F372EA008C869F /* CatalogViewCell.xib in Resources */,
				BDB4282821F35C4A008C869F /* Localizable.strings in Resources */,
				BD8A23FA21F317AC005AB3DF /* CatalogueViewController.xib in Resources */,
				BDEA9AC621EE4A7700537D41 /* LaunchScreen.storyboard in Resources */,
				BDEA9AC321EE4A7700537D41 /* Assets.xcassets in Resources */,
				BD8A240121F31925005AB3DF /* SplashViewController.xib in Resources */,
			);
			runOnlyForDeploymentPostprocessing = 0;
		};
/* End PBXResourcesBuildPhase section */

/* Begin PBXShellScriptBuildPhase section */
		A288978CBF6ED2849EF886A9 /* [CP] Embed Pods Frameworks */ = {
			isa = PBXShellScriptBuildPhase;
			buildActionMask = 2147483647;
			files = (
			);
			inputFileListPaths = (
			);
			inputPaths = (
				"${PODS_ROOT}/Target Support Files/Pods-CatalogTest/Pods-CatalogTest-frameworks.sh",
				"${BUILT_PRODUCTS_DIR}/Action/Action.framework",
				"${BUILT_PRODUCTS_DIR}/Alamofire/Alamofire.framework",
				"${BUILT_PRODUCTS_DIR}/BaseRxApplication/BaseRxApplication.framework",
				"${BUILT_PRODUCTS_DIR}/CocoaLumberjack/CocoaLumberjack.framework",
				"${BUILT_PRODUCTS_DIR}/FTLinearActivityIndicator/FTLinearActivityIndicator.framework",
				"${BUILT_PRODUCTS_DIR}/KeychainAccess/KeychainAccess.framework",
				"${BUILT_PRODUCTS_DIR}/MBProgressHUD/MBProgressHUD.framework",
				"${BUILT_PRODUCTS_DIR}/ObjectMapper/ObjectMapper.framework",
				"${BUILT_PRODUCTS_DIR}/RxAlamofire/RxAlamofire.framework",
				"${BUILT_PRODUCTS_DIR}/RxAtomic/RxAtomic.framework",
				"${BUILT_PRODUCTS_DIR}/RxCocoa/RxCocoa.framework",
				"${BUILT_PRODUCTS_DIR}/RxSwift/RxSwift.framework",
				"${BUILT_PRODUCTS_DIR}/SnapKit/SnapKit.framework",
				"${BUILT_PRODUCTS_DIR}/TTGSnackbar/TTGSnackbar.framework",
			);
			name = "[CP] Embed Pods Frameworks";
			outputFileListPaths = (
			);
			outputPaths = (
				"${TARGET_BUILD_DIR}/${FRAMEWORKS_FOLDER_PATH}/Action.framework",
				"${TARGET_BUILD_DIR}/${FRAMEWORKS_FOLDER_PATH}/Alamofire.framework",
				"${TARGET_BUILD_DIR}/${FRAMEWORKS_FOLDER_PATH}/BaseRxApplication.framework",
				"${TARGET_BUILD_DIR}/${FRAMEWORKS_FOLDER_PATH}/CocoaLumberjack.framework",
				"${TARGET_BUILD_DIR}/${FRAMEWORKS_FOLDER_PATH}/FTLinearActivityIndicator.framework",
				"${TARGET_BUILD_DIR}/${FRAMEWORKS_FOLDER_PATH}/KeychainAccess.framework",
				"${TARGET_BUILD_DIR}/${FRAMEWORKS_FOLDER_PATH}/MBProgressHUD.framework",
				"${TARGET_BUILD_DIR}/${FRAMEWORKS_FOLDER_PATH}/ObjectMapper.framework",
				"${TARGET_BUILD_DIR}/${FRAMEWORKS_FOLDER_PATH}/RxAlamofire.framework",
				"${TARGET_BUILD_DIR}/${FRAMEWORKS_FOLDER_PATH}/RxAtomic.framework",
				"${TARGET_BUILD_DIR}/${FRAMEWORKS_FOLDER_PATH}/RxCocoa.framework",
				"${TARGET_BUILD_DIR}/${FRAMEWORKS_FOLDER_PATH}/RxSwift.framework",
				"${TARGET_BUILD_DIR}/${FRAMEWORKS_FOLDER_PATH}/SnapKit.framework",
				"${TARGET_BUILD_DIR}/${FRAMEWORKS_FOLDER_PATH}/TTGSnackbar.framework",
			);
			runOnlyForDeploymentPostprocessing = 0;
			shellPath = /bin/sh;
			shellScript = "\"${PODS_ROOT}/Target Support Files/Pods-CatalogTest/Pods-CatalogTest-frameworks.sh\"\n";
			showEnvVarsInLog = 0;
		};
		BDB4282921F35D0A008C869F /* [Script] Update Strings */ = {
			isa = PBXShellScriptBuildPhase;
			buildActionMask = 2147483647;
			files = (
			);
			inputFileListPaths = (
			);
			inputPaths = (
			);
			name = "[Script] Update Strings";
			outputFileListPaths = (
			);
			outputPaths = (
			);
			runOnlyForDeploymentPostprocessing = 0;
			shellPath = /bin/sh;
			shellScript = "echo 'Updating strings...'\nsh script/updateTranslations.sh\necho 'Strings updated'\n";
		};
		C7AB18767E38CCFC9B70A12C /* [CP] Check Pods Manifest.lock */ = {
			isa = PBXShellScriptBuildPhase;
			buildActionMask = 2147483647;
			files = (
			);
			inputFileListPaths = (
			);
			inputPaths = (
				"${PODS_PODFILE_DIR_PATH}/Podfile.lock",
				"${PODS_ROOT}/Manifest.lock",
			);
			name = "[CP] Check Pods Manifest.lock";
			outputFileListPaths = (
			);
			outputPaths = (
				"$(DERIVED_FILE_DIR)/Pods-CatalogTest-checkManifestLockResult.txt",
			);
			runOnlyForDeploymentPostprocessing = 0;
			shellPath = /bin/sh;
			shellScript = "diff \"${PODS_PODFILE_DIR_PATH}/Podfile.lock\" \"${PODS_ROOT}/Manifest.lock\" > /dev/null\nif [ $? != 0 ] ; then\n    # print error to STDERR\n    echo \"error: The sandbox is not in sync with the Podfile.lock. Run 'pod install' or update your CocoaPods installation.\" >&2\n    exit 1\nfi\n# This output is used by Xcode 'outputs' to avoid re-running this script phase.\necho \"SUCCESS\" > \"${SCRIPT_OUTPUT_FILE_0}\"\n";
			showEnvVarsInLog = 0;
		};
/* End PBXShellScriptBuildPhase section */

/* Begin PBXSourcesBuildPhase section */
		BDEA9AB421EE4A7600537D41 /* Sources */ = {
			isa = PBXSourcesBuildPhase;
			buildActionMask = 2147483647;
			files = (
				BD8A240B21F32834005AB3DF /* Constants.swift in Sources */,
				BD8A23B321F30CF6005AB3DF /* AppService.swift in Sources */,
				BDB4283221F35F3B008C869F /* CatalogViewModel.swift in Sources */,
				BDB4283821F37243008C869F /* CatalogViewCell.swift in Sources */,
				BD8A23D321F30E6E005AB3DF /* ErrorEntity.swift in Sources */,
				BD8A240621F31A2C005AB3DF /* Theme.swift in Sources */,
				BD8A23B921F30CF6005AB3DF /* NetworkAPI.swift in Sources */,
				BD8A23FC21F317B8005AB3DF /* CatalogueViewModel.swift in Sources */,
				BD8A241B21F3317F005AB3DF /* CouponEntityDataMapper.swift in Sources */,
				BD8A242521F334A9005AB3DF /* CatalogRepositoryImpl.swift in Sources */,
				BDB4283B21F3724D008C869F /* CatalogViewCellModel.swift in Sources */,
				BD8A23B621F30CF6005AB3DF /* AppGatewayImpl.swift in Sources */,
				BD8A240321F31932005AB3DF /* SplasViewModel.swift in Sources */,
				BD8A23B721F30CF6005AB3DF /* AppOauthGatewayImpl.swift in Sources */,
				BD8A242121F3332A005AB3DF /* CatalogEntityDataMapper.swift in Sources */,
				BD8A242921F33622005AB3DF /* GetCatalogsUseCaseImpl.swift in Sources */,
				BDB4282E21F35F1D008C869F /* CatalogView.swift in Sources */,
				BD8A241F21F33273005AB3DF /* Catalog.swift in Sources */,
				BD8A23B421F30CF6005AB3DF /* AppOauthService.swift in Sources */,
				BD8A23E421F30FFB005AB3DF /* CatalogModel.swift in Sources */,
				BD8A240021F31925005AB3DF /* SplashViewController.swift in Sources */,
				BD8A242E21F33B81005AB3DF /* BaseWireframe+NavigationHelper.swift in Sources */,
				BDEA9ABC21EE4A7600537D41 /* AppDelegate.swift in Sources */,
				BD8A240D21F329D7005AB3DF /* CatalogueBaseViewController.swift in Sources */,
				BD8A240F21F32AED005AB3DF /* CouponEntity.swift in Sources */,
				BD8A241721F33070005AB3DF /* NearestStore.swift in Sources */,
				BD8A241321F32B9A005AB3DF /* NearestStoreEntity.swift in Sources */,
				BD8A242321F33487005AB3DF /* CatalogRepository.swift in Sources */,
				BD8A242721F335F1005AB3DF /* GetCatalogsUseCase.swift in Sources */,
				BD8A241921F33105005AB3DF /* NearestStoreEntityDataMapper.swift in Sources */,
				BD8A23E821F30FFB005AB3DF /* CatalogModelDataMapper.swift in Sources */,
				BD8A240921F32803005AB3DF /* CatalogBaseNavigationController.swift in Sources */,
				BD8A23B821F30CF6005AB3DF /* AppOauthGateway.swift in Sources */,
				BD8A241D21F331B4005AB3DF /* Coupon.swift in Sources */,
				BD8A23B521F30CF6005AB3DF /* AppGateway.swift in Sources */,
				BD8A242C21F33A58005AB3DF /* String+Utils.swift in Sources */,
				BD8A23F921F317AC005AB3DF /* CatalogueViewController.swift in Sources */,
				BD8A241521F32C8E005AB3DF /* CatalogEntity.swift in Sources */,
			);
			runOnlyForDeploymentPostprocessing = 0;
		};
/* End PBXSourcesBuildPhase section */

/* Begin PBXVariantGroup section */
		BDB4282521F35C4A008C869F /* Localizable.strings */ = {
			isa = PBXVariantGroup;
			children = (
				BDB4282621F35C4A008C869F /* en */,
				BDB4282A21F35E0E008C869F /* es */,
			);
			name = Localizable.strings;
			sourceTree = "<group>";
		};
		BDEA9AC421EE4A7700537D41 /* LaunchScreen.storyboard */ = {
			isa = PBXVariantGroup;
			children = (
				BDF098A221F3590000E79D7F /* Base */,
			);
			name = LaunchScreen.storyboard;
			sourceTree = "<group>";
		};
/* End PBXVariantGroup section */

/* Begin XCBuildConfiguration section */
		BDEA9AC821EE4A7700537D41 /* Debug */ = {
			isa = XCBuildConfiguration;
			buildSettings = {
				ALWAYS_SEARCH_USER_PATHS = NO;
				CLANG_ANALYZER_LOCALIZABILITY_NONLOCALIZED = YES;
				CLANG_ANALYZER_NONNULL = YES;
				CLANG_ANALYZER_NUMBER_OBJECT_CONVERSION = YES_AGGRESSIVE;
				CLANG_CXX_LANGUAGE_STANDARD = "gnu++14";
				CLANG_CXX_LIBRARY = "libc++";
				CLANG_ENABLE_MODULES = YES;
				CLANG_ENABLE_OBJC_ARC = YES;
				CLANG_ENABLE_OBJC_WEAK = YES;
				CLANG_WARN_BLOCK_CAPTURE_AUTORELEASING = YES;
				CLANG_WARN_BOOL_CONVERSION = YES;
				CLANG_WARN_COMMA = YES;
				CLANG_WARN_CONSTANT_CONVERSION = YES;
				CLANG_WARN_DEPRECATED_OBJC_IMPLEMENTATIONS = YES;
				CLANG_WARN_DIRECT_OBJC_ISA_USAGE = YES_ERROR;
				CLANG_WARN_DOCUMENTATION_COMMENTS = YES;
				CLANG_WARN_EMPTY_BODY = YES;
				CLANG_WARN_ENUM_CONVERSION = YES;
				CLANG_WARN_INFINITE_RECURSION = YES;
				CLANG_WARN_INT_CONVERSION = YES;
				CLANG_WARN_NON_LITERAL_NULL_CONVERSION = YES;
				CLANG_WARN_OBJC_IMPLICIT_RETAIN_SELF = YES;
				CLANG_WARN_OBJC_LITERAL_CONVERSION = YES;
				CLANG_WARN_OBJC_ROOT_CLASS = YES_ERROR;
				CLANG_WARN_RANGE_LOOP_ANALYSIS = YES;
				CLANG_WARN_STRICT_PROTOTYPES = YES;
				CLANG_WARN_SUSPICIOUS_MOVE = YES;
				CLANG_WARN_UNGUARDED_AVAILABILITY = YES_AGGRESSIVE;
				CLANG_WARN_UNREACHABLE_CODE = YES;
				CLANG_WARN__DUPLICATE_METHOD_MATCH = YES;
				CODE_SIGN_IDENTITY = "iPhone Developer";
				COPY_PHASE_STRIP = NO;
				DEBUG_INFORMATION_FORMAT = dwarf;
				ENABLE_STRICT_OBJC_MSGSEND = YES;
				ENABLE_TESTABILITY = YES;
				GCC_C_LANGUAGE_STANDARD = gnu11;
				GCC_DYNAMIC_NO_PIC = NO;
				GCC_NO_COMMON_BLOCKS = YES;
				GCC_OPTIMIZATION_LEVEL = 0;
				GCC_PREPROCESSOR_DEFINITIONS = (
					"DEBUG=1",
					"$(inherited)",
				);
				GCC_WARN_64_TO_32_BIT_CONVERSION = YES;
				GCC_WARN_ABOUT_RETURN_TYPE = YES_ERROR;
				GCC_WARN_UNDECLARED_SELECTOR = YES;
				GCC_WARN_UNINITIALIZED_AUTOS = YES_AGGRESSIVE;
				GCC_WARN_UNUSED_FUNCTION = YES;
				GCC_WARN_UNUSED_VARIABLE = YES;
				IPHONEOS_DEPLOYMENT_TARGET = 12.1;
				MTL_ENABLE_DEBUG_INFO = INCLUDE_SOURCE;
				MTL_FAST_MATH = YES;
				ONLY_ACTIVE_ARCH = YES;
				SDKROOT = iphoneos;
				SWIFT_ACTIVE_COMPILATION_CONDITIONS = DEBUG;
				SWIFT_OPTIMIZATION_LEVEL = "-Onone";
			};
			name = Debug;
		};
		BDEA9AC921EE4A7700537D41 /* Release */ = {
			isa = XCBuildConfiguration;
			buildSettings = {
				ALWAYS_SEARCH_USER_PATHS = NO;
				CLANG_ANALYZER_LOCALIZABILITY_NONLOCALIZED = YES;
				CLANG_ANALYZER_NONNULL = YES;
				CLANG_ANALYZER_NUMBER_OBJECT_CONVERSION = YES_AGGRESSIVE;
				CLANG_CXX_LANGUAGE_STANDARD = "gnu++14";
				CLANG_CXX_LIBRARY = "libc++";
				CLANG_ENABLE_MODULES = YES;
				CLANG_ENABLE_OBJC_ARC = YES;
				CLANG_ENABLE_OBJC_WEAK = YES;
				CLANG_WARN_BLOCK_CAPTURE_AUTORELEASING = YES;
				CLANG_WARN_BOOL_CONVERSION = YES;
				CLANG_WARN_COMMA = YES;
				CLANG_WARN_CONSTANT_CONVERSION = YES;
				CLANG_WARN_DEPRECATED_OBJC_IMPLEMENTATIONS = YES;
				CLANG_WARN_DIRECT_OBJC_ISA_USAGE = YES_ERROR;
				CLANG_WARN_DOCUMENTATION_COMMENTS = YES;
				CLANG_WARN_EMPTY_BODY = YES;
				CLANG_WARN_ENUM_CONVERSION = YES;
				CLANG_WARN_INFINITE_RECURSION = YES;
				CLANG_WARN_INT_CONVERSION = YES;
				CLANG_WARN_NON_LITERAL_NULL_CONVERSION = YES;
				CLANG_WARN_OBJC_IMPLICIT_RETAIN_SELF = YES;
				CLANG_WARN_OBJC_LITERAL_CONVERSION = YES;
				CLANG_WARN_OBJC_ROOT_CLASS = YES_ERROR;
				CLANG_WARN_RANGE_LOOP_ANALYSIS = YES;
				CLANG_WARN_STRICT_PROTOTYPES = YES;
				CLANG_WARN_SUSPICIOUS_MOVE = YES;
				CLANG_WARN_UNGUARDED_AVAILABILITY = YES_AGGRESSIVE;
				CLANG_WARN_UNREACHABLE_CODE = YES;
				CLANG_WARN__DUPLICATE_METHOD_MATCH = YES;
				CODE_SIGN_IDENTITY = "iPhone Developer";
				COPY_PHASE_STRIP = NO;
				DEBUG_INFORMATION_FORMAT = "dwarf-with-dsym";
				ENABLE_NS_ASSERTIONS = NO;
				ENABLE_STRICT_OBJC_MSGSEND = YES;
				GCC_C_LANGUAGE_STANDARD = gnu11;
				GCC_NO_COMMON_BLOCKS = YES;
				GCC_WARN_64_TO_32_BIT_CONVERSION = YES;
				GCC_WARN_ABOUT_RETURN_TYPE = YES_ERROR;
				GCC_WARN_UNDECLARED_SELECTOR = YES;
				GCC_WARN_UNINITIALIZED_AUTOS = YES_AGGRESSIVE;
				GCC_WARN_UNUSED_FUNCTION = YES;
				GCC_WARN_UNUSED_VARIABLE = YES;
				IPHONEOS_DEPLOYMENT_TARGET = 12.1;
				MTL_ENABLE_DEBUG_INFO = NO;
				MTL_FAST_MATH = YES;
				SDKROOT = iphoneos;
				SWIFT_COMPILATION_MODE = wholemodule;
				SWIFT_OPTIMIZATION_LEVEL = "-O";
				VALIDATE_PRODUCT = YES;
			};
			name = Release;
		};
		BDEA9ACB21EE4A7700537D41 /* Debug */ = {
			isa = XCBuildConfiguration;
			baseConfigurationReference = 98D78EFD043E8E52F4666F69 /* Pods-CatalogTest.debug.xcconfig */;
			buildSettings = {
				ASSETCATALOG_COMPILER_APPICON_NAME = AppIcon;
				CODE_SIGN_STYLE = Automatic;
				DEVELOPMENT_TEAM = 835BDH2HHD;
				INFOPLIST_FILE = "$(SRCROOT)/CatalogTest/Commons/Resources/Info.plist";
				LD_RUNPATH_SEARCH_PATHS = (
					"$(inherited)",
					"@executable_path/Frameworks",
				);
				PRODUCT_BUNDLE_IDENTIFIER = com.test.debug.CatalogTest;
				PRODUCT_NAME = "$(TARGET_NAME)";
				SWIFT_VERSION = 4.2;
				TARGETED_DEVICE_FAMILY = "1,2";
			};
			name = Debug;
		};
		BDEA9ACC21EE4A7700537D41 /* Release */ = {
			isa = XCBuildConfiguration;
			baseConfigurationReference = 3418B468046BB8EF770ED1CB /* Pods-CatalogTest.release.xcconfig */;
			buildSettings = {
				ASSETCATALOG_COMPILER_APPICON_NAME = AppIcon;
				CODE_SIGN_STYLE = Automatic;
				DEVELOPMENT_TEAM = 835BDH2HHD;
				INFOPLIST_FILE = "$(SRCROOT)/CatalogTest/Commons/Resources/Info.plist";
				LD_RUNPATH_SEARCH_PATHS = (
					"$(inherited)",
					"@executable_path/Frameworks",
				);
				PRODUCT_BUNDLE_IDENTIFIER = com.test.debug.CatalogTest;
				PRODUCT_NAME = "$(TARGET_NAME)";
				SWIFT_VERSION = 4.2;
				TARGETED_DEVICE_FAMILY = "1,2";
			};
			name = Release;
		};
/* End XCBuildConfiguration section */

/* Begin XCConfigurationList section */
		BDEA9AB321EE4A7600537D41 /* Build configuration list for PBXProject "CatalogTest" */ = {
			isa = XCConfigurationList;
			buildConfigurations = (
				BDEA9AC821EE4A7700537D41 /* Debug */,
				BDEA9AC921EE4A7700537D41 /* Release */,
			);
			defaultConfigurationIsVisible = 0;
			defaultConfigurationName = Release;
		};
		BDEA9ACA21EE4A7700537D41 /* Build configuration list for PBXNativeTarget "CatalogTest" */ = {
			isa = XCConfigurationList;
			buildConfigurations = (
				BDEA9ACB21EE4A7700537D41 /* Debug */,
				BDEA9ACC21EE4A7700537D41 /* Release */,
			);
			defaultConfigurationIsVisible = 0;
			defaultConfigurationName = Release;
		};
/* End XCConfigurationList section */
	};
	rootObject = BDEA9AB021EE4A7600537D41 /* Project object */;
}
